
Microsoft Visual Studio Solution File, Format Version 12.00
Project("{FAE04EC0-301F-11D3-BF4B-00C04F79EFBC}") = "LabXmlLinq", "LabXmlLinq\LabXmlLinq.csproj", "{28B22BF0-C648-4A53-B46F-12BC8AC3404A}"
EndProject
Global
	GlobalSection(SolutionConfigurationPlatforms) = preSolution
		Debug|Any CPU = Debug|Any CPU
		Release|Any CPU = Release|Any CPU
	EndGlobalSection
	GlobalSection(ProjectConfigurationPlatforms) = postSolution
		{28B22BF0-C648-4A53-B46F-12BC8AC3404A}.Debug|Any CPU.ActiveCfg = Debug|Any CPU
		{28B22BF0-C648-4A53-B46F-12BC8AC3404A}.Debug|Any CPU.Build.0 = Debug|Any CPU
		{28B22BF0-C648-4A53-B46F-12BC8AC3404A}.Release|Any CPU.ActiveCfg = Release|Any CPU
		{28B22BF0-C648-4A53-B46F-12BC8AC3404A}.Release|Any CPU.Build.0 = Release|Any CPU
	EndGlobalSection
EndGlobal
